
Microsoft Visual Studio Solution File, Format Version 12.00
# Visual Studio Version 17
VisualStudioVersion = 17.0.31903.59
MinimumVisualStudioVersion = 10.0.40219.1
Project("{9A19103F-16F7-4668-BE54-9A1E7A4F7556}") = "01.1", "01.1\01.1.csproj", "{F2BBAC39-72B4-473F-8230-C021B5D219A9}"
EndProject
Project("{9A19103F-16F7-4668-BE54-9A1E7A4F7556}") = "01.2", "01.2\01.2.csproj", "{5CAFB3C9-0EDC-40A4-8573-649B92A99416}"
EndProject
Project("{FAE04EC0-301F-11D3-BF4B-00C04F79EFBC}") = "02.1", "02.1\02.1.csproj", "{4081F81A-7E04-4834-BA75-609B25450F24}"
EndProject
Project("{FAE04EC0-301F-11D3-BF4B-00C04F79EFBC}") = "02.2", "02.2\02.2.csproj", "{760A775F-35BE-472C-BBEF-ECDB8FF373A7}"
EndProject
Project("{FAE04EC0-301F-11D3-BF4B-00C04F79EFBC}") = "03.1", "03.1\03.1.csproj", "{B978760E-B7BE-4A82-BDC1-FEBF4828C40F}"
EndProject
Project("{FAE04EC0-301F-11D3-BF4B-00C04F79EFBC}") = "03.2", "03.2\03.2.csproj", "{5665FFAD-D1EB-4C6E-88FC-F5F3470D25E9}"
EndProject
Project("{FAE04EC0-301F-11D3-BF4B-00C04F79EFBC}") = "04.1", "04.1\04.1.csproj", "{161FE364-07E6-4466-9348-7B5BAD1E12CF}"
EndProject
Project("{FAE04EC0-301F-11D3-BF4B-00C04F79EFBC}") = "04.2", "04.2\04.2.csproj", "{87BC8793-70CB-4626-9339-7F0CCC86729A}"
EndProject
Project("{FAE04EC0-301F-11D3-BF4B-00C04F79EFBC}") = "05.1", "05.1\05.1.csproj", "{2C644E85-18E0-4F6C-87AB-4DCCBDD12449}"
EndProject
Project("{FAE04EC0-301F-11D3-BF4B-00C04F79EFBC}") = "05.2", "05.2\05.2.csproj", "{353A5EF6-C7BD-4B2D-B83A-364F49E5C2AD}"
EndProject
Project("{FAE04EC0-301F-11D3-BF4B-00C04F79EFBC}") = "06.2", "06.2\06.2.csproj", "{112E9AD4-43D2-4A04-923B-1AD2ED321808}"
EndProject
Global
	GlobalSection(SolutionConfigurationPlatforms) = preSolution
		Debug|Any CPU = Debug|Any CPU
		Release|Any CPU = Release|Any CPU
	EndGlobalSection
	GlobalSection(ProjectConfigurationPlatforms) = postSolution
		{F2BBAC39-72B4-473F-8230-C021B5D219A9}.Debug|Any CPU.ActiveCfg = Debug|Any CPU
		{F2BBAC39-72B4-473F-8230-C021B5D219A9}.Debug|Any CPU.Build.0 = Debug|Any CPU
		{F2BBAC39-72B4-473F-8230-C021B5D219A9}.Release|Any CPU.ActiveCfg = Release|Any CPU
		{F2BBAC39-72B4-473F-8230-C021B5D219A9}.Release|Any CPU.Build.0 = Release|Any CPU
		{5CAFB3C9-0EDC-40A4-8573-649B92A99416}.Debug|Any CPU.ActiveCfg = Debug|Any CPU
		{5CAFB3C9-0EDC-40A4-8573-649B92A99416}.Debug|Any CPU.Build.0 = Debug|Any CPU
		{5CAFB3C9-0EDC-40A4-8573-649B92A99416}.Release|Any CPU.ActiveCfg = Release|Any CPU
		{5CAFB3C9-0EDC-40A4-8573-649B92A99416}.Release|Any CPU.Build.0 = Release|Any CPU
		{4081F81A-7E04-4834-BA75-609B25450F24}.Debug|Any CPU.ActiveCfg = Debug|Any CPU
		{4081F81A-7E04-4834-BA75-609B25450F24}.Debug|Any CPU.Build.0 = Debug|Any CPU
		{4081F81A-7E04-4834-BA75-609B25450F24}.Release|Any CPU.ActiveCfg = Release|Any CPU
		{4081F81A-7E04-4834-BA75-609B25450F24}.Release|Any CPU.Build.0 = Release|Any CPU
		{760A775F-35BE-472C-BBEF-ECDB8FF373A7}.Debug|Any CPU.ActiveCfg = Debug|Any CPU
		{760A775F-35BE-472C-BBEF-ECDB8FF373A7}.Debug|Any CPU.Build.0 = Debug|Any CPU
		{760A775F-35BE-472C-BBEF-ECDB8FF373A7}.Release|Any CPU.ActiveCfg = Release|Any CPU
		{760A775F-35BE-472C-BBEF-ECDB8FF373A7}.Release|Any CPU.Build.0 = Release|Any CPU
		{B978760E-B7BE-4A82-BDC1-FEBF4828C40F}.Debug|Any CPU.ActiveCfg = Debug|Any CPU
		{B978760E-B7BE-4A82-BDC1-FEBF4828C40F}.Debug|Any CPU.Build.0 = Debug|Any CPU
		{B978760E-B7BE-4A82-BDC1-FEBF4828C40F}.Release|Any CPU.ActiveCfg = Release|Any CPU
		{B978760E-B7BE-4A82-BDC1-FEBF4828C40F}.Release|Any CPU.Build.0 = Release|Any CPU
		{5665FFAD-D1EB-4C6E-88FC-F5F3470D25E9}.Debug|Any CPU.ActiveCfg = Debug|Any CPU
		{5665FFAD-D1EB-4C6E-88FC-F5F3470D25E9}.Debug|Any CPU.Build.0 = Debug|Any CPU
		{5665FFAD-D1EB-4C6E-88FC-F5F3470D25E9}.Release|Any CPU.ActiveCfg = Release|Any CPU
		{5665FFAD-D1EB-4C6E-88FC-F5F3470D25E9}.Release|Any CPU.Build.0 = Release|Any CPU
		{161FE364-07E6-4466-9348-7B5BAD1E12CF}.Debug|Any CPU.ActiveCfg = Debug|Any CPU
		{161FE364-07E6-4466-9348-7B5BAD1E12CF}.Debug|Any CPU.Build.0 = Debug|Any CPU
		{161FE364-07E6-4466-9348-7B5BAD1E12CF}.Release|Any CPU.ActiveCfg = Release|Any CPU
		{161FE364-07E6-4466-9348-7B5BAD1E12CF}.Release|Any CPU.Build.0 = Release|Any CPU
		{87BC8793-70CB-4626-9339-7F0CCC86729A}.Debug|Any CPU.ActiveCfg = Debug|Any CPU
		{87BC8793-70CB-4626-9339-7F0CCC86729A}.Debug|Any CPU.Build.0 = Debug|Any CPU
		{87BC8793-70CB-4626-9339-7F0CCC86729A}.Release|Any CPU.ActiveCfg = Release|Any CPU
		{87BC8793-70CB-4626-9339-7F0CCC86729A}.Release|Any CPU.Build.0 = Release|Any CPU
		{2C644E85-18E0-4F6C-87AB-4DCCBDD12449}.Debug|Any CPU.ActiveCfg = Debug|Any CPU
		{2C644E85-18E0-4F6C-87AB-4DCCBDD12449}.Debug|Any CPU.Build.0 = Debug|Any CPU
		{2C644E85-18E0-4F6C-87AB-4DCCBDD12449}.Release|Any CPU.ActiveCfg = Release|Any CPU
		{2C644E85-18E0-4F6C-87AB-4DCCBDD12449}.Release|Any CPU.Build.0 = Release|Any CPU
		{353A5EF6-C7BD-4B2D-B83A-364F49E5C2AD}.Debug|Any CPU.ActiveCfg = Debug|Any CPU
		{353A5EF6-C7BD-4B2D-B83A-364F49E5C2AD}.Debug|Any CPU.Build.0 = Debug|Any CPU
		{353A5EF6-C7BD-4B2D-B83A-364F49E5C2AD}.Release|Any CPU.ActiveCfg = Release|Any CPU
		{353A5EF6-C7BD-4B2D-B83A-364F49E5C2AD}.Release|Any CPU.Build.0 = Release|Any CPU
		{112E9AD4-43D2-4A04-923B-1AD2ED321808}.Debug|Any CPU.ActiveCfg = Debug|Any CPU
		{112E9AD4-43D2-4A04-923B-1AD2ED321808}.Debug|Any CPU.Build.0 = Debug|Any CPU
		{112E9AD4-43D2-4A04-923B-1AD2ED321808}.Release|Any CPU.ActiveCfg = Release|Any CPU
		{112E9AD4-43D2-4A04-923B-1AD2ED321808}.Release|Any CPU.Build.0 = Release|Any CPU
	EndGlobalSection
	GlobalSection(SolutionProperties) = preSolution
		HideSolutionNode = FALSE
	EndGlobalSection
	GlobalSection(ExtensibilityGlobals) = postSolution
		SolutionGuid = {6721111B-5F89-46D6-B80C-76AD7842E90B}
	EndGlobalSection
EndGlobal
