
Microsoft Visual Studio Solution File, Format Version 12.00
# Visual Studio Version 17
VisualStudioVersion = 17.0.31903.59
MinimumVisualStudioVersion = 10.0.40219.1
Project("{9A19103F-16F7-4668-BE54-9A1E7A4F7556}") = "01.1", "01.1\01.1.csproj", "{F2BBAC39-72B4-473F-8230-C021B5D219A9}"
EndProject
Project("{9A19103F-16F7-4668-BE54-9A1E7A4F7556}") = "01.2", "01.2\01.2.csproj", "{5CAFB3C9-0EDC-40A4-8573-649B92A99416}"
EndProject
Project("{FAE04EC0-301F-11D3-BF4B-00C04F79EFBC}") = "02.1", "02.1\02.1.csproj", "{4081F81A-7E04-4834-BA75-609B25450F24}"
EndProject
Project("{FAE04EC0-301F-11D3-BF4B-00C04F79EFBC}") = "02.2", "02.2\02.2.csproj", "{760A775F-35BE-472C-BBEF-ECDB8FF373A7}"
EndProject
Project("{FAE04EC0-301F-11D3-BF4B-00C04F79EFBC}") = "03.1", "03.1\03.1.csproj", "{B978760E-B7BE-4A82-BDC1-FEBF4828C40F}"
EndProject
Project("{FAE04EC0-301F-11D3-BF4B-00C04F79EFBC}") = "03.2", "03.2\03.2.csproj", "{5665FFAD-D1EB-4C6E-88FC-F5F3470D25E9}"
EndProject
Project("{FAE04EC0-301F-11D3-BF4B-00C04F79EFBC}") = "04.1", "04.1\04.1.csproj", "{161FE364-07E6-4466-9348-7B5BAD1E12CF}"
EndProject
Project("{FAE04EC0-301F-11D3-BF4B-00C04F79EFBC}") = "04.2", "04.2\04.2.csproj", "{87BC8793-70CB-4626-9339-7F0CCC86729A}"
EndProject
Project("{FAE04EC0-301F-11D3-BF4B-00C04F79EFBC}") = "05.1", "05.1\05.1.csproj", "{2C644E85-18E0-4F6C-87AB-4DCCBDD12449}"
EndProject
Project("{FAE04EC0-301F-11D3-BF4B-00C04F79EFBC}") = "05.2", "05.2\05.2.csproj", "{353A5EF6-C7BD-4B2D-B83A-364F49E5C2AD}"
EndProject
Project("{FAE04EC0-301F-11D3-BF4B-00C04F79EFBC}") = "06.2", "06.2\06.2.csproj", "{112E9AD4-43D2-4A04-923B-1AD2ED321808}"
EndProject
Project("{FAE04EC0-301F-11D3-BF4B-00C04F79EFBC}") = "07.1", "07.1\07.1.csproj", "{DE4E84C6-5198-48C1-82EF-B6E405A4AC62}"
EndProject
Project("{FAE04EC0-301F-11D3-BF4B-00C04F79EFBC}") = "07.2", "07.2\07.2.csproj", "{82FE6D1E-6316-4C3E-A719-AD6E20100D13}"
EndProject
Project("{FAE04EC0-301F-11D3-BF4B-00C04F79EFBC}") = "08.1", "08.1\08.1.csproj", "{79EBB1B8-F512-4368-9AF5-3B627056D210}"
EndProject
Project("{FAE04EC0-301F-11D3-BF4B-00C04F79EFBC}") = "08.2", "08.2\08.2.csproj", "{90C77D14-0F2D-40EA-8A21-41FD30D96BAE}"
EndProject
Project("{FAE04EC0-301F-11D3-BF4B-00C04F79EFBC}") = "09.1", "09.1\09.1.csproj", "{8B14FEB7-E5D1-4627-BF64-580DE0CDA964}"
EndProject
Project("{FAE04EC0-301F-11D3-BF4B-00C04F79EFBC}") = "09.2", "09.2\09.2.csproj", "{43F23A21-4040-4647-B6B0-5791904E7F33}"
EndProject
Project("{FAE04EC0-301F-11D3-BF4B-00C04F79EFBC}") = "10.1", "10.1\10.1.csproj", "{EC336074-B996-4A09-9B84-1DDFD12E078D}"
EndProject
Project("{FAE04EC0-301F-11D3-BF4B-00C04F79EFBC}") = "10.2", "10.2\10.2.csproj", "{E434AF9A-AAED-4ECA-829F-A97341600FB8}"
EndProject
Project("{FAE04EC0-301F-11D3-BF4B-00C04F79EFBC}") = "11.1", "11.1\11.1.csproj", "{11C538B1-A100-4995-A1C0-D0841F362391}"
EndProject
Project("{FAE04EC0-301F-11D3-BF4B-00C04F79EFBC}") = "11.2", "11.2\11.2.csproj", "{B5DAD165-EC8F-4BB7-8F7E-E15E646270C0}"
EndProject
Project("{FAE04EC0-301F-11D3-BF4B-00C04F79EFBC}") = "12.1", "12.1\12.1.csproj", "{08AAC83F-E935-4190-A6FF-E204BBC1961C}"
EndProject
Project("{FAE04EC0-301F-11D3-BF4B-00C04F79EFBC}") = "13.1", "13.1\13.1.csproj", "{2EBDA05E-F754-4417-AB25-EAB01B275823}"
EndProject
Project("{FAE04EC0-301F-11D3-BF4B-00C04F79EFBC}") = "13.2", "13.2\13.2.csproj", "{C7B4DD4A-A934-4971-AFD9-695F706C000B}"
EndProject
Project("{FAE04EC0-301F-11D3-BF4B-00C04F79EFBC}") = "14.1", "14.1\14.1.csproj", "{6EFB47AC-CC16-436E-93C2-35D5F622FF2F}"
EndProject
Project("{FAE04EC0-301F-11D3-BF4B-00C04F79EFBC}") = "14.2", "14.2\14.2.csproj", "{FBD10F11-56B2-4B07-A194-D1631A73F6D9}"
EndProject
Project("{FAE04EC0-301F-11D3-BF4B-00C04F79EFBC}") = "15.1", "15.1\15.1.csproj", "{E155D122-3075-4C8B-8088-F045EA433B4D}"
EndProject
Project("{FAE04EC0-301F-11D3-BF4B-00C04F79EFBC}") = "15.2", "15.2\15.2.csproj", "{6035E3F0-F85C-410C-A332-443A9BF6FF82}"
EndProject
Global
	GlobalSection(SolutionConfigurationPlatforms) = preSolution
		Debug|Any CPU = Debug|Any CPU
		Release|Any CPU = Release|Any CPU
	EndGlobalSection
	GlobalSection(ProjectConfigurationPlatforms) = postSolution
		{F2BBAC39-72B4-473F-8230-C021B5D219A9}.Debug|Any CPU.ActiveCfg = Debug|Any CPU
		{F2BBAC39-72B4-473F-8230-C021B5D219A9}.Debug|Any CPU.Build.0 = Debug|Any CPU
		{F2BBAC39-72B4-473F-8230-C021B5D219A9}.Release|Any CPU.ActiveCfg = Release|Any CPU
		{F2BBAC39-72B4-473F-8230-C021B5D219A9}.Release|Any CPU.Build.0 = Release|Any CPU
		{5CAFB3C9-0EDC-40A4-8573-649B92A99416}.Debug|Any CPU.ActiveCfg = Debug|Any CPU
		{5CAFB3C9-0EDC-40A4-8573-649B92A99416}.Debug|Any CPU.Build.0 = Debug|Any CPU
		{5CAFB3C9-0EDC-40A4-8573-649B92A99416}.Release|Any CPU.ActiveCfg = Release|Any CPU
		{5CAFB3C9-0EDC-40A4-8573-649B92A99416}.Release|Any CPU.Build.0 = Release|Any CPU
		{4081F81A-7E04-4834-BA75-609B25450F24}.Debug|Any CPU.ActiveCfg = Debug|Any CPU
		{4081F81A-7E04-4834-BA75-609B25450F24}.Debug|Any CPU.Build.0 = Debug|Any CPU
		{4081F81A-7E04-4834-BA75-609B25450F24}.Release|Any CPU.ActiveCfg = Release|Any CPU
		{4081F81A-7E04-4834-BA75-609B25450F24}.Release|Any CPU.Build.0 = Release|Any CPU
		{760A775F-35BE-472C-BBEF-ECDB8FF373A7}.Debug|Any CPU.ActiveCfg = Debug|Any CPU
		{760A775F-35BE-472C-BBEF-ECDB8FF373A7}.Debug|Any CPU.Build.0 = Debug|Any CPU
		{760A775F-35BE-472C-BBEF-ECDB8FF373A7}.Release|Any CPU.ActiveCfg = Release|Any CPU
		{760A775F-35BE-472C-BBEF-ECDB8FF373A7}.Release|Any CPU.Build.0 = Release|Any CPU
		{B978760E-B7BE-4A82-BDC1-FEBF4828C40F}.Debug|Any CPU.ActiveCfg = Debug|Any CPU
		{B978760E-B7BE-4A82-BDC1-FEBF4828C40F}.Debug|Any CPU.Build.0 = Debug|Any CPU
		{B978760E-B7BE-4A82-BDC1-FEBF4828C40F}.Release|Any CPU.ActiveCfg = Release|Any CPU
		{B978760E-B7BE-4A82-BDC1-FEBF4828C40F}.Release|Any CPU.Build.0 = Release|Any CPU
		{5665FFAD-D1EB-4C6E-88FC-F5F3470D25E9}.Debug|Any CPU.ActiveCfg = Debug|Any CPU
		{5665FFAD-D1EB-4C6E-88FC-F5F3470D25E9}.Debug|Any CPU.Build.0 = Debug|Any CPU
		{5665FFAD-D1EB-4C6E-88FC-F5F3470D25E9}.Release|Any CPU.ActiveCfg = Release|Any CPU
		{5665FFAD-D1EB-4C6E-88FC-F5F3470D25E9}.Release|Any CPU.Build.0 = Release|Any CPU
		{161FE364-07E6-4466-9348-7B5BAD1E12CF}.Debug|Any CPU.ActiveCfg = Debug|Any CPU
		{161FE364-07E6-4466-9348-7B5BAD1E12CF}.Debug|Any CPU.Build.0 = Debug|Any CPU
		{161FE364-07E6-4466-9348-7B5BAD1E12CF}.Release|Any CPU.ActiveCfg = Release|Any CPU
		{161FE364-07E6-4466-9348-7B5BAD1E12CF}.Release|Any CPU.Build.0 = Release|Any CPU
		{87BC8793-70CB-4626-9339-7F0CCC86729A}.Debug|Any CPU.ActiveCfg = Debug|Any CPU
		{87BC8793-70CB-4626-9339-7F0CCC86729A}.Debug|Any CPU.Build.0 = Debug|Any CPU
		{87BC8793-70CB-4626-9339-7F0CCC86729A}.Release|Any CPU.ActiveCfg = Release|Any CPU
		{87BC8793-70CB-4626-9339-7F0CCC86729A}.Release|Any CPU.Build.0 = Release|Any CPU
		{2C644E85-18E0-4F6C-87AB-4DCCBDD12449}.Debug|Any CPU.ActiveCfg = Debug|Any CPU
		{2C644E85-18E0-4F6C-87AB-4DCCBDD12449}.Debug|Any CPU.Build.0 = Debug|Any CPU
		{2C644E85-18E0-4F6C-87AB-4DCCBDD12449}.Release|Any CPU.ActiveCfg = Release|Any CPU
		{2C644E85-18E0-4F6C-87AB-4DCCBDD12449}.Release|Any CPU.Build.0 = Release|Any CPU
		{353A5EF6-C7BD-4B2D-B83A-364F49E5C2AD}.Debug|Any CPU.ActiveCfg = Debug|Any CPU
		{353A5EF6-C7BD-4B2D-B83A-364F49E5C2AD}.Debug|Any CPU.Build.0 = Debug|Any CPU
		{353A5EF6-C7BD-4B2D-B83A-364F49E5C2AD}.Release|Any CPU.ActiveCfg = Release|Any CPU
		{353A5EF6-C7BD-4B2D-B83A-364F49E5C2AD}.Release|Any CPU.Build.0 = Release|Any CPU
		{112E9AD4-43D2-4A04-923B-1AD2ED321808}.Debug|Any CPU.ActiveCfg = Debug|Any CPU
		{112E9AD4-43D2-4A04-923B-1AD2ED321808}.Debug|Any CPU.Build.0 = Debug|Any CPU
		{112E9AD4-43D2-4A04-923B-1AD2ED321808}.Release|Any CPU.ActiveCfg = Release|Any CPU
		{112E9AD4-43D2-4A04-923B-1AD2ED321808}.Release|Any CPU.Build.0 = Release|Any CPU
		{DE4E84C6-5198-48C1-82EF-B6E405A4AC62}.Debug|Any CPU.ActiveCfg = Debug|Any CPU
		{DE4E84C6-5198-48C1-82EF-B6E405A4AC62}.Debug|Any CPU.Build.0 = Debug|Any CPU
		{DE4E84C6-5198-48C1-82EF-B6E405A4AC62}.Release|Any CPU.ActiveCfg = Release|Any CPU
		{DE4E84C6-5198-48C1-82EF-B6E405A4AC62}.Release|Any CPU.Build.0 = Release|Any CPU
		{82FE6D1E-6316-4C3E-A719-AD6E20100D13}.Debug|Any CPU.ActiveCfg = Debug|Any CPU
		{82FE6D1E-6316-4C3E-A719-AD6E20100D13}.Debug|Any CPU.Build.0 = Debug|Any CPU
		{82FE6D1E-6316-4C3E-A719-AD6E20100D13}.Release|Any CPU.ActiveCfg = Release|Any CPU
		{82FE6D1E-6316-4C3E-A719-AD6E20100D13}.Release|Any CPU.Build.0 = Release|Any CPU
		{79EBB1B8-F512-4368-9AF5-3B627056D210}.Debug|Any CPU.ActiveCfg = Debug|Any CPU
		{79EBB1B8-F512-4368-9AF5-3B627056D210}.Debug|Any CPU.Build.0 = Debug|Any CPU
		{79EBB1B8-F512-4368-9AF5-3B627056D210}.Release|Any CPU.ActiveCfg = Release|Any CPU
		{79EBB1B8-F512-4368-9AF5-3B627056D210}.Release|Any CPU.Build.0 = Release|Any CPU
		{90C77D14-0F2D-40EA-8A21-41FD30D96BAE}.Debug|Any CPU.ActiveCfg = Debug|Any CPU
		{90C77D14-0F2D-40EA-8A21-41FD30D96BAE}.Debug|Any CPU.Build.0 = Debug|Any CPU
		{90C77D14-0F2D-40EA-8A21-41FD30D96BAE}.Release|Any CPU.ActiveCfg = Release|Any CPU
		{90C77D14-0F2D-40EA-8A21-41FD30D96BAE}.Release|Any CPU.Build.0 = Release|Any CPU
		{8B14FEB7-E5D1-4627-BF64-580DE0CDA964}.Debug|Any CPU.ActiveCfg = Debug|Any CPU
		{8B14FEB7-E5D1-4627-BF64-580DE0CDA964}.Debug|Any CPU.Build.0 = Debug|Any CPU
		{8B14FEB7-E5D1-4627-BF64-580DE0CDA964}.Release|Any CPU.ActiveCfg = Release|Any CPU
		{8B14FEB7-E5D1-4627-BF64-580DE0CDA964}.Release|Any CPU.Build.0 = Release|Any CPU
		{43F23A21-4040-4647-B6B0-5791904E7F33}.Debug|Any CPU.ActiveCfg = Debug|Any CPU
		{43F23A21-4040-4647-B6B0-5791904E7F33}.Debug|Any CPU.Build.0 = Debug|Any CPU
		{43F23A21-4040-4647-B6B0-5791904E7F33}.Release|Any CPU.ActiveCfg = Release|Any CPU
		{43F23A21-4040-4647-B6B0-5791904E7F33}.Release|Any CPU.Build.0 = Release|Any CPU
		{EC336074-B996-4A09-9B84-1DDFD12E078D}.Debug|Any CPU.ActiveCfg = Debug|Any CPU
		{EC336074-B996-4A09-9B84-1DDFD12E078D}.Debug|Any CPU.Build.0 = Debug|Any CPU
		{EC336074-B996-4A09-9B84-1DDFD12E078D}.Release|Any CPU.ActiveCfg = Release|Any CPU
		{EC336074-B996-4A09-9B84-1DDFD12E078D}.Release|Any CPU.Build.0 = Release|Any CPU
		{E434AF9A-AAED-4ECA-829F-A97341600FB8}.Debug|Any CPU.ActiveCfg = Debug|Any CPU
		{E434AF9A-AAED-4ECA-829F-A97341600FB8}.Debug|Any CPU.Build.0 = Debug|Any CPU
		{E434AF9A-AAED-4ECA-829F-A97341600FB8}.Release|Any CPU.ActiveCfg = Release|Any CPU
		{E434AF9A-AAED-4ECA-829F-A97341600FB8}.Release|Any CPU.Build.0 = Release|Any CPU
		{11C538B1-A100-4995-A1C0-D0841F362391}.Debug|Any CPU.ActiveCfg = Debug|Any CPU
		{11C538B1-A100-4995-A1C0-D0841F362391}.Debug|Any CPU.Build.0 = Debug|Any CPU
		{11C538B1-A100-4995-A1C0-D0841F362391}.Release|Any CPU.ActiveCfg = Release|Any CPU
		{11C538B1-A100-4995-A1C0-D0841F362391}.Release|Any CPU.Build.0 = Release|Any CPU
		{B5DAD165-EC8F-4BB7-8F7E-E15E646270C0}.Debug|Any CPU.ActiveCfg = Debug|Any CPU
		{B5DAD165-EC8F-4BB7-8F7E-E15E646270C0}.Debug|Any CPU.Build.0 = Debug|Any CPU
		{B5DAD165-EC8F-4BB7-8F7E-E15E646270C0}.Release|Any CPU.ActiveCfg = Release|Any CPU
		{B5DAD165-EC8F-4BB7-8F7E-E15E646270C0}.Release|Any CPU.Build.0 = Release|Any CPU
		{08AAC83F-E935-4190-A6FF-E204BBC1961C}.Debug|Any CPU.ActiveCfg = Debug|Any CPU
		{08AAC83F-E935-4190-A6FF-E204BBC1961C}.Debug|Any CPU.Build.0 = Debug|Any CPU
		{08AAC83F-E935-4190-A6FF-E204BBC1961C}.Release|Any CPU.ActiveCfg = Release|Any CPU
		{08AAC83F-E935-4190-A6FF-E204BBC1961C}.Release|Any CPU.Build.0 = Release|Any CPU
		{2EBDA05E-F754-4417-AB25-EAB01B275823}.Debug|Any CPU.ActiveCfg = Debug|Any CPU
		{2EBDA05E-F754-4417-AB25-EAB01B275823}.Debug|Any CPU.Build.0 = Debug|Any CPU
		{2EBDA05E-F754-4417-AB25-EAB01B275823}.Release|Any CPU.ActiveCfg = Release|Any CPU
		{2EBDA05E-F754-4417-AB25-EAB01B275823}.Release|Any CPU.Build.0 = Release|Any CPU
		{C7B4DD4A-A934-4971-AFD9-695F706C000B}.Debug|Any CPU.ActiveCfg = Debug|Any CPU
		{C7B4DD4A-A934-4971-AFD9-695F706C000B}.Debug|Any CPU.Build.0 = Debug|Any CPU
		{C7B4DD4A-A934-4971-AFD9-695F706C000B}.Release|Any CPU.ActiveCfg = Release|Any CPU
		{C7B4DD4A-A934-4971-AFD9-695F706C000B}.Release|Any CPU.Build.0 = Release|Any CPU
		{6EFB47AC-CC16-436E-93C2-35D5F622FF2F}.Debug|Any CPU.ActiveCfg = Debug|Any CPU
		{6EFB47AC-CC16-436E-93C2-35D5F622FF2F}.Debug|Any CPU.Build.0 = Debug|Any CPU
		{6EFB47AC-CC16-436E-93C2-35D5F622FF2F}.Release|Any CPU.ActiveCfg = Release|Any CPU
		{6EFB47AC-CC16-436E-93C2-35D5F622FF2F}.Release|Any CPU.Build.0 = Release|Any CPU
		{FBD10F11-56B2-4B07-A194-D1631A73F6D9}.Debug|Any CPU.ActiveCfg = Debug|Any CPU
		{FBD10F11-56B2-4B07-A194-D1631A73F6D9}.Debug|Any CPU.Build.0 = Debug|Any CPU
		{FBD10F11-56B2-4B07-A194-D1631A73F6D9}.Release|Any CPU.ActiveCfg = Release|Any CPU
		{FBD10F11-56B2-4B07-A194-D1631A73F6D9}.Release|Any CPU.Build.0 = Release|Any CPU
		{E155D122-3075-4C8B-8088-F045EA433B4D}.Debug|Any CPU.ActiveCfg = Debug|Any CPU
		{E155D122-3075-4C8B-8088-F045EA433B4D}.Debug|Any CPU.Build.0 = Debug|Any CPU
		{E155D122-3075-4C8B-8088-F045EA433B4D}.Release|Any CPU.ActiveCfg = Release|Any CPU
		{E155D122-3075-4C8B-8088-F045EA433B4D}.Release|Any CPU.Build.0 = Release|Any CPU
		{6035E3F0-F85C-410C-A332-443A9BF6FF82}.Debug|Any CPU.ActiveCfg = Debug|Any CPU
		{6035E3F0-F85C-410C-A332-443A9BF6FF82}.Debug|Any CPU.Build.0 = Debug|Any CPU
		{6035E3F0-F85C-410C-A332-443A9BF6FF82}.Release|Any CPU.ActiveCfg = Release|Any CPU
		{6035E3F0-F85C-410C-A332-443A9BF6FF82}.Release|Any CPU.Build.0 = Release|Any CPU
	EndGlobalSection
	GlobalSection(SolutionProperties) = preSolution
		HideSolutionNode = FALSE
	EndGlobalSection
	GlobalSection(ExtensibilityGlobals) = postSolution
		SolutionGuid = {6721111B-5F89-46D6-B80C-76AD7842E90B}
	EndGlobalSection
EndGlobal
